
Microsoft Visual Studio Solution File, Format Version 12.00
# Visual Studio Version 17
VisualStudioVersion = 17.5.002.0
MinimumVisualStudioVersion = 10.0.40219.1
Project("{9A19103F-16F7-4668-BE54-9A1E7A4F7556}") = "ASPNetCore-TitaniteDb", "ASPNetCore-TitaniteDb.csproj", "{BFF30ACD-791F-4289-94C3-58AE9D9E424B}"
EndProject
Global
	GlobalSection(SolutionConfigurationPlatforms) = preSolution
		Debug|Any CPU = Debug|Any CPU
		Release|Any CPU = Release|Any CPU
	EndGlobalSection
	GlobalSection(ProjectConfigurationPlatforms) = postSolution
		{BFF30ACD-791F-4289-94C3-58AE9D9E424B}.Debug|Any CPU.ActiveCfg = Debug|Any CPU
		{BFF30ACD-791F-4289-94C3-58AE9D9E424B}.Debug|Any CPU.Build.0 = Debug|Any CPU
		{BFF30ACD-791F-4289-94C3-58AE9D9E424B}.Release|Any CPU.ActiveCfg = Release|Any CPU
		{BFF30ACD-791F-4289-94C3-58AE9D9E424B}.Release|Any CPU.Build.0 = Release|Any CPU
	EndGlobalSection
	GlobalSection(SolutionProperties) = preSolution
		HideSolutionNode = FALSE
	EndGlobalSection
	GlobalSection(ExtensibilityGlobals) = postSolution
		SolutionGuid = {5CF3CD20-65A3-43A4-8D53-2EA508F91F67}
	EndGlobalSection
EndGlobal
